
Microsoft Visual Studio Solution File, Format Version 12.00
# Visual Studio Version 17
VisualStudioVersion = 17.5.33516.290
MinimumVisualStudioVersion = 10.0.40219.1
Project("{FAE04EC0-301F-11D3-BF4B-00C04F79EFBC}") = "maine determinal 2adad", "maine determinal 2adad\maine determinal 2adad.csproj", "{FC329118-C273-4DC0-AF63-D8085D2B8403}"
EndProject
Global
	GlobalSection(SolutionConfigurationPlatforms) = preSolution
		Debug|Any CPU = Debug|Any CPU
		Release|Any CPU = Release|Any CPU
	EndGlobalSection
	GlobalSection(ProjectConfigurationPlatforms) = postSolution
		{FC329118-C273-4DC0-AF63-D8085D2B8403}.Debug|Any CPU.ActiveCfg = Debug|Any CPU
		{FC329118-C273-4DC0-AF63-D8085D2B8403}.Debug|Any CPU.Build.0 = Debug|Any CPU
		{FC329118-C273-4DC0-AF63-D8085D2B8403}.Release|Any CPU.ActiveCfg = Release|Any CPU
		{FC329118-C273-4DC0-AF63-D8085D2B8403}.Release|Any CPU.Build.0 = Release|Any CPU
	EndGlobalSection
	GlobalSection(SolutionProperties) = preSolution
		HideSolutionNode = FALSE
	EndGlobalSection
	GlobalSection(ExtensibilityGlobals) = postSolution
		SolutionGuid = {3177C156-75E5-4E9C-AC49-B6D1BFDA1A8A}
	EndGlobalSection
EndGlobal
